{
  "nodes": {
    "flake-compat": {
      "flake": false,
      "locked": {
        "lastModified": 1606424373,
        "narHash": "sha256-oq8d4//CJOrVj+EcOaSXvMebvuTkmBJuT5tzlfewUnQ=",
        "owner": "edolstra",
        "repo": "flake-compat",
        "rev": "99f1c2157fba4bfe6211a321fd0ee43199025dbf",
        "type": "github"
      },
      "original": {
        "owner": "edolstra",
        "repo": "flake-compat",
        "type": "github"
      }
    },
    "flake-utils": {
      "locked": {
        "lastModified": 1610051610,
        "narHash": "sha256-U9rPz/usA1/Aohhk7Cmc2gBrEEKRzcW4nwPWMPwja4Y=",
        "owner": "numtide",
        "repo": "flake-utils",
        "rev": "3982c9903e93927c2164caa727cd3f6a0e6d14cc",
        "type": "github"
      },
      "original": {
        "owner": "numtide",
        "repo": "flake-utils",
        "type": "github"
      }
    },
    "hardware": {
      "locked": {
        "lastModified": 1624713701,
        "narHash": "sha256-miYoO9/M+ZYlNPknRF9VYh6bQEQCPPz6lM0Pb60jbPk=",
        "owner": "NixOS",
        "repo": "nixos-hardware",
        "rev": "03c60a2db286bcd8ecfac9a8739c50626ca0fd8e",
        "type": "github"
      },
      "original": {
        "owner": "NixOS",
        "ref": "master",
        "repo": "nixos-hardware",
        "type": "github"
      }
    },
    "home": {
      "inputs": {
        "nixpkgs": [
          "nixpkgs"
        ]
      },
      "locked": {
        "lastModified": 1624228557,
        "narHash": "sha256-wwOqe73BsrXfRv1PhyXQFNC8iTET50KvE/HitdkRgxs=",
        "owner": "nix-community",
        "repo": "home-manager",
        "rev": "35a24648d155843a4d162de98c17b1afd5db51e4",
        "type": "github"
      },
      "original": {
        "owner": "nix-community",
        "ref": "release-21.05",
        "repo": "home-manager",
        "type": "github"
      }
    },
    "home-unstable": {
      "inputs": {
        "nixpkgs": [
          "unstable"
        ]
      },
      "locked": {
        "lastModified": 1624806645,
        "narHash": "sha256-f/UWLS34FUlsmL1YhOcpmGhdG808206qiz1MGJd3K1c=",
        "owner": "nix-community",
        "repo": "home-manager",
        "rev": "2aeaf65e8f9219c1acdb47bcf278983b3170a344",
        "type": "github"
      },
      "original": {
        "owner": "nix-community",
        "ref": "master",
        "repo": "home-manager",
        "type": "github"
      }
    },
    "neovim-flake": {
      "inputs": {
        "flake-utils": "flake-utils",
        "nixpkgs": [
          "nixpkgs"
        ]
      },
      "locked": {
        "dir": "contrib",
        "lastModified": 1624729398,
        "narHash": "sha256-XE/hrbbGaqYLlm0/7so5k5TvSi9f42Aq6JCtkmkZHXg=",
        "owner": "neovim",
        "repo": "neovim",
        "rev": "bdf3df4027a5389a46b4c9a75b50aff5c0ecb351",
        "type": "github"
      },
      "original": {
        "dir": "contrib",
        "owner": "neovim",
        "repo": "neovim",
        "type": "github"
      }
    },
    "neovim-nightly-overlay": {
      "inputs": {
        "flake-compat": "flake-compat",
        "neovim-flake": "neovim-flake",
        "nixpkgs": "nixpkgs"
      },
      "locked": {
        "lastModified": 1624781490,
        "narHash": "sha256-XoQ03wPJx7RK8AFZwp4CZ9yXcLr0kXutQJ+zSwhxetU=",
        "owner": "nix-community",
        "repo": "neovim-nightly-overlay",
        "rev": "bb9f5f5cfd05248457e2a62a70db0d55aab1d5d4",
        "type": "github"
      },
      "original": {
        "owner": "nix-community",
        "repo": "neovim-nightly-overlay",
        "type": "github"
      }
    },
    "nixpkgs": {
      "locked": {
        "lastModified": 1624626397,
        "narHash": "sha256-+h0ulo5//RqStx6g6MDqD9MzgmBfeZ1VYxwEaSmw/Zs=",
        "owner": "nixos",
        "repo": "nixpkgs",
        "rev": "e1f8852faac7638e88d5e8a5b9ee2a7568685e3f",
        "type": "github"
      },
      "original": {
        "owner": "nixos",
        "ref": "nixos-unstable",
        "repo": "nixpkgs",
        "type": "github"
      }
    },
    "nixpkgs_2": {
      "locked": {
        "lastModified": 1624656607,
        "narHash": "sha256-jWVM6RP8WdRV1l0Z36hA/y6kl9BmasYVa9TpKkjRMLI=",
        "owner": "NixOS",
        "repo": "nixpkgs",
        "rev": "b72bde7c4a1f9c9bf1a161f0c267186ce3c6483c",
        "type": "github"
      },
      "original": {
        "owner": "NixOS",
        "ref": "nixos-21.05",
        "repo": "nixpkgs",
        "type": "github"
      }
    },
    "nubank": {
      "locked": {
        "lastModified": 1623352053,
        "narHash": "sha256-U10nttX6eliXVRNdwnQsHP9udnPCSw5MXaHbd7Xv2r0=",
        "owner": "nubank",
        "repo": "nixpkgs",
        "rev": "6e2304b37a0e6e02dda719c847e4544fa943c1d2",
        "type": "github"
      },
      "original": {
        "owner": "nubank",
        "ref": "master",
        "repo": "nixpkgs",
        "type": "github"
      }
    },
    "picom-jonaburg": {
      "flake": false,
      "locked": {
        "lastModified": 1606582992,
        "narHash": "sha256-R+YUGBrLst6CpUgG9VCwaZ+LiBSDWTp0TLt1Ou4xmpQ=",
        "owner": "jonaburg",
        "repo": "picom",
        "rev": "a8445684fe18946604848efb73ace9457b29bf80",
        "type": "github"
      },
      "original": {
        "owner": "jonaburg",
        "repo": "picom",
        "type": "github"
      }
    },
    "root": {
      "inputs": {
        "hardware": "hardware",
        "home": "home",
        "home-unstable": "home-unstable",
        "neovim-nightly-overlay": "neovim-nightly-overlay",
        "nixpkgs": "nixpkgs_2",
        "nubank": "nubank",
        "picom-jonaburg": "picom-jonaburg",
        "tint2-axarva": "tint2-axarva",
        "unstable": "unstable"
      }
    },
    "tint2-axarva": {
      "flake": false,
      "locked": {
        "lastModified": 1624525782,
        "narHash": "sha256-E/cS3JmdJJ4coU8Rrt2Hzrst8ATwUFO6FfMGKZmKH3A=",
        "owner": "Axarva",
        "repo": "tint2-1",
        "rev": "811aff5859a8da14b0277cbafe8f86311e150497",
        "type": "github"
      },
      "original": {
        "owner": "Axarva",
        "repo": "tint2-1",
        "type": "github"
      }
    },
    "unstable": {
      "locked": {
        "lastModified": 1624668028,
        "narHash": "sha256-FUxvXMBPQ5jrGhS47jwBFZQte0yDkMCBI5M24mJi5X0=",
        "owner": "NixOS",
        "repo": "nixpkgs",
        "rev": "e85975942742a3728226ac22a3415f2355bfc897",
        "type": "github"
      },
      "original": {
        "owner": "NixOS",
        "ref": "nixpkgs-unstable",
        "repo": "nixpkgs",
        "type": "github"
      }
    }
  },
  "root": "root",
  "version": 7
}
